
Microsoft Visual Studio Solution File, Format Version 12.00
# Visual Studio Version 16
VisualStudioVersion = 16.0.32228.343
MinimumVisualStudioVersion = 10.0.40219.1
Project("{8BC9CEB8-8B4A-11D0-8D11-00A0C91BC942}") = "MyLastCoursework", "MyLastCoursework\MyLastCoursework.vcxproj", "{FA3F4E7E-16CF-443B-BEAB-14318FDFF0E4}"
EndProject
Global
	GlobalSection(SolutionConfigurationPlatforms) = preSolution
		Debug|x64 = Debug|x64
		Debug|x86 = Debug|x86
		Release|x64 = Release|x64
		Release|x86 = Release|x86
	EndGlobalSection
	GlobalSection(ProjectConfigurationPlatforms) = postSolution
		{FA3F4E7E-16CF-443B-BEAB-14318FDFF0E4}.Debug|x64.ActiveCfg = Debug|x64
		{FA3F4E7E-16CF-443B-BEAB-14318FDFF0E4}.Debug|x64.Build.0 = Debug|x64
		{FA3F4E7E-16CF-443B-BEAB-14318FDFF0E4}.Debug|x86.ActiveCfg = Debug|Win32
		{FA3F4E7E-16CF-443B-BEAB-14318FDFF0E4}.Debug|x86.Build.0 = Debug|Win32
		{FA3F4E7E-16CF-443B-BEAB-14318FDFF0E4}.Release|x64.ActiveCfg = Release|x64
		{FA3F4E7E-16CF-443B-BEAB-14318FDFF0E4}.Release|x64.Build.0 = Release|x64
		{FA3F4E7E-16CF-443B-BEAB-14318FDFF0E4}.Release|x86.ActiveCfg = Release|Win32
		{FA3F4E7E-16CF-443B-BEAB-14318FDFF0E4}.Release|x86.Build.0 = Release|Win32
	EndGlobalSection
	GlobalSection(SolutionProperties) = preSolution
		HideSolutionNode = FALSE
	EndGlobalSection
	GlobalSection(ExtensibilityGlobals) = postSolution
		SolutionGuid = {996EBBCA-5E40-40A6-86AD-610F0D7385D1}
	EndGlobalSection
EndGlobal
